// !$*UTF8*$!
{
	archiveVersion = 1;
	classes = {
	};
	objectVersion = 54;
	objects = {

/* Begin PBXBuildFile section */
		2FAD9763203C412B000D30F8 /* config.xml in Resources */ = {isa = PBXBuildFile; fileRef = 2FAD9762203C412B000D30F8 /* config.xml */; };
		3A001AC225991E2C0078A265 /* WhatsNew.swift in Sources */ = {isa = PBXBuildFile; fileRef = 3A001AC125991E2C0078A265 /* WhatsNew.swift */; };
		3A001AC62599230E0078A265 /* Settings.bundle in Resources */ = {isa = PBXBuildFile; fileRef = 3A001AC52599230E0078A265 /* Settings.bundle */; };
		3A001AD32599A4A60078A265 /* ConsentView.swift in Sources */ = {isa = PBXBuildFile; fileRef = 3A001AD22599A4A50078A265 /* ConsentView.swift */; };
		3A001AD72599A68A0078A265 /* Helpers.swift in Sources */ = {isa = PBXBuildFile; fileRef = 3A001AD62599A68A0078A265 /* Helpers.swift */; };
		3A06777F26281BB600C9CB98 /* Main.storyboard in Resources */ = {isa = PBXBuildFile; fileRef = 3A06777D26281BB600C9CB98 /* Main.storyboard */; };
		3A06778026281BB600C9CB98 /* LaunchScreen.storyboard in Resources */ = {isa = PBXBuildFile; fileRef = 3A06777E26281BB600C9CB98 /* LaunchScreen.storyboard */; };
		3A06C1102597112E00B81F31 /* SiteStats.swift in Sources */ = {isa = PBXBuildFile; fileRef = 3A06C10F2597112E00B81F31 /* SiteStats.swift */; };
		3A06C118259720D600B81F31 /* PenguinWidget.swift in Sources */ = {isa = PBXBuildFile; fileRef = 3A06C117259720D600B81F31 /* PenguinWidget.swift */; };
		3A06C1252597447200B81F31 /* StageView.swift in Sources */ = {isa = PBXBuildFile; fileRef = 3A06C1242597447200B81F31 /* StageView.swift */; };
		3A06C12D2597454600B81F31 /* WidgetFooter.swift in Sources */ = {isa = PBXBuildFile; fileRef = 3A06C12C2597454600B81F31 /* WidgetFooter.swift */; };
		3A06C133259766C400B81F31 /* WidgetEntry.swift in Sources */ = {isa = PBXBuildFile; fileRef = 3A06C132259766C400B81F31 /* WidgetEntry.swift */; };
		3A06C13B25976DAF00B81F31 /* MediumWidgetView.swift in Sources */ = {isa = PBXBuildFile; fileRef = 3A06C13A25976DAF00B81F31 /* MediumWidgetView.swift */; };
		3A0C886325C25E8E008E1F4B /* PushManager.swift in Sources */ = {isa = PBXBuildFile; fileRef = 3A0C886225C25E8E008E1F4B /* PushManager.swift */; };
		3A1157B1258F2B5C00F4C6FD /* SmallWidgetView.swift in Sources */ = {isa = PBXBuildFile; fileRef = 3A1157B0258F2B5C00F4C6FD /* SmallWidgetView.swift */; };
		3A1157B4258F2B5E00F4C6FD /* Assets.xcassets in Resources */ = {isa = PBXBuildFile; fileRef = 3A1157B3258F2B5E00F4C6FD /* Assets.xcassets */; };
		3A1157BA258F2B5E00F4C6FD /* PenguinWidgetExtension.appex in Embed App Extensions */ = {isa = PBXBuildFile; fileRef = 3A1157AC258F2B5C00F4C6FD /* PenguinWidgetExtension.appex */; settings = {ATTRIBUTES = (RemoveHeadersOnCopy, ); }; };
		3A20895A25C26EFB001D7490 /* Alamofire in Frameworks */ = {isa = PBXBuildFile; productRef = 3A20895925C26EFB001D7490 /* Alamofire */; };
		3A20895D25C2ACC5001D7490 /* Helpers.swift in Sources */ = {isa = PBXBuildFile; fileRef = 3A001AD62599A68A0078A265 /* Helpers.swift */; };
		3A3F035B25C0B3D000DEED16 /* PersistenceManager.swift in Sources */ = {isa = PBXBuildFile; fileRef = 3A3F035A25C0B3D000DEED16 /* PersistenceManager.swift */; };
		3A41DF5B2647C99100531A1B /* SwiftUI.framework in Frameworks */ = {isa = PBXBuildFile; fileRef = 3A00D83325266410007308FB /* SwiftUI.framework */; };
		3A41DF5E2647C99300531A1B /* WidgetKit.framework in Frameworks */ = {isa = PBXBuildFile; fileRef = 3A00D83125266410007308FB /* WidgetKit.framework */; };
		3A4D4431259AC0BA000807F8 /* InitialLaunch.swift in Sources */ = {isa = PBXBuildFile; fileRef = 3A4D4430259AC0BA000807F8 /* InitialLaunch.swift */; };
		3A4FAF192626B189001C9907 /* Localizable.strings in Resources */ = {isa = PBXBuildFile; fileRef = 3A4FAF1B2626B189001C9907 /* Localizable.strings */; };
		3A5051AA25965532004167D3 /* Localizable.strings in Resources */ = {isa = PBXBuildFile; fileRef = 3A5051AC25965532004167D3 /* Localizable.strings */; };
		3A5051B82596575D004167D3 /* Bender.ttf in Resources */ = {isa = PBXBuildFile; fileRef = 3A5051B72596575D004167D3 /* Bender.ttf */; };
		3A5051C1259666FB004167D3 /* ItemStatsView.swift in Sources */ = {isa = PBXBuildFile; fileRef = 3A5051C0259666FB004167D3 /* ItemStatsView.swift */; };
		3A5051C9259669AF004167D3 /* ItemIcons.xcassets in Resources */ = {isa = PBXBuildFile; fileRef = 3A5051C8259669AF004167D3 /* ItemIcons.xcassets */; };
		3A55B6842599056000699BBA /* Constants.swift in Sources */ = {isa = PBXBuildFile; fileRef = 3A55B6832599056000699BBA /* Constants.swift */; };
		3A61615A259B0ED200FA06A2 /* ToggleNotificationPreference.swift in Sources */ = {isa = PBXBuildFile; fileRef = 3A616159259B0ED200FA06A2 /* ToggleNotificationPreference.swift */; };
		3A616162259B2D2D00FA06A2 /* Debugger.swift in Sources */ = {isa = PBXBuildFile; fileRef = 3A616161259B2D2D00FA06A2 /* Debugger.swift */; };
		3A616168259C698B00FA06A2 /* NotificationPreferences.swift in Sources */ = {isa = PBXBuildFile; fileRef = 3A616167259C698B00FA06A2 /* NotificationPreferences.swift */; };
		3A61616C259C7B8D00FA06A2 /* HapticButton.swift in Sources */ = {isa = PBXBuildFile; fileRef = 3A61616B259C7B8D00FA06A2 /* HapticButton.swift */; };
		3A679B012599166C00A685E9 /* WelcomeView.swift in Sources */ = {isa = PBXBuildFile; fileRef = 3A679B002599166C00A685E9 /* WelcomeView.swift */; };
		3A885ACA25A43F0400247AED /* RxBus in Frameworks */ = {isa = PBXBuildFile; productRef = 3A885AC925A43F0400247AED /* RxBus */; };
		3A885ACE25A443D600247AED /* EventBus.swift in Sources */ = {isa = PBXBuildFile; fileRef = 3A885ACD25A443D600247AED /* EventBus.swift */; };
		3A8EFF992599BBC100B6A788 /* alert1.caf in Resources */ = {isa = PBXBuildFile; fileRef = 3A8EFF982599BBC100B6A788 /* alert1.caf */; };
		3A8EFFA0259A1BB900B6A788 /* Alamofire in Frameworks */ = {isa = PBXBuildFile; productRef = 3A8EFF9F259A1BB900B6A788 /* Alamofire */; };
		3A9323B62626C5A700E42CA4 /* Intents.intentdefinition in Sources */ = {isa = PBXBuildFile; fileRef = 3A9323B92626C5A700E42CA4 /* Intents.intentdefinition */; };
		3A9323B72626C5A700E42CA4 /* Intents.intentdefinition in Sources */ = {isa = PBXBuildFile; fileRef = 3A9323B92626C5A700E42CA4 /* Intents.intentdefinition */; };
		3A968BB02597A3D5005266F2 /* TwoColumnStageStats.swift in Sources */ = {isa = PBXBuildFile; fileRef = 3A968BAF2597A3D5005266F2 /* TwoColumnStageStats.swift */; };
		3A968BB52597A54E005266F2 /* LargeWidgetView.swift in Sources */ = {isa = PBXBuildFile; fileRef = 3A968BB42597A54E005266F2 /* LargeWidgetView.swift */; };
		3A968BBA2597A738005266F2 /* ExternalService.swift in Sources */ = {isa = PBXBuildFile; fileRef = 3A968BB92597A738005266F2 /* ExternalService.swift */; };
		3AA7E33725211FD500387971 /* InfoPlist.strings in Resources */ = {isa = PBXBuildFile; fileRef = 3AA7E33925211FD500387971 /* InfoPlist.strings */; };
		3AA7E3422521F6C000387971 /* PenguinPlugin.swift in Sources */ = {isa = PBXBuildFile; fileRef = 3AA7E3412521F6C000387971 /* PenguinPlugin.swift */; };
		3AA7E3462521F70B00387971 /* PenguinPlugin.m in Sources */ = {isa = PBXBuildFile; fileRef = 3AA7E3452521F70B00387971 /* PenguinPlugin.m */; };
		3AE3F15526D2147A00A0529B /* fastlane in Resources */ = {isa = PBXBuildFile; fileRef = 3AE3F15426D2147A00A0529B /* fastlane */; };
		3AE3F15D26D214C400A0529B /* AppUITests.swift in Sources */ = {isa = PBXBuildFile; fileRef = 3AE3F15C26D214C400A0529B /* AppUITests.swift */; };
		3AE3F15F26D214C400A0529B /* AppUITestsLaunchTests.swift in Sources */ = {isa = PBXBuildFile; fileRef = 3AE3F15E26D214C400A0529B /* AppUITestsLaunchTests.swift */; };
		3AE3F16626D214CC00A0529B /* SnapshotHelper.swift in Sources */ = {isa = PBXBuildFile; fileRef = 3AE3F16526D214CC00A0529B /* SnapshotHelper.swift */; };
		50379B232058CBB4000EE86E /* capacitor.config.json in Resources */ = {isa = PBXBuildFile; fileRef = 50379B222058CBB4000EE86E /* capacitor.config.json */; };
		504EC3081FED79650016851F /* AppDelegate.swift in Sources */ = {isa = PBXBuildFile; fileRef = 504EC3071FED79650016851F /* AppDelegate.swift */; };
		504EC30F1FED79650016851F /* Assets.xcassets in Resources */ = {isa = PBXBuildFile; fileRef = 504EC30E1FED79650016851F /* Assets.xcassets */; };
		50B271D11FEDC1A000F3C39B /* public in Resources */ = {isa = PBXBuildFile; fileRef = 50B271D01FEDC1A000F3C39B /* public */; };
		A084ECDBA7D38E1E42DFC39D /* Pods_App.framework in Frameworks */ = {isa = PBXBuildFile; fileRef = AF277DCFFFF123FFC6DF26C7 /* Pods_App.framework */; };
/* End PBXBuildFile section */

/* Begin PBXContainerItemProxy section */
		3A1157B8258F2B5E00F4C6FD /* PBXContainerItemProxy */ = {
			isa = PBXContainerItemProxy;
			containerPortal = 504EC2FC1FED79650016851F /* Project object */;
			proxyType = 1;
			remoteGlobalIDString = 3A1157AB258F2B5C00F4C6FD;
			remoteInfo = PenguinWidgetExtension;
		};
		3AE3F16026D214C400A0529B /* PBXContainerItemProxy */ = {
			isa = PBXContainerItemProxy;
			containerPortal = 504EC2FC1FED79650016851F /* Project object */;
			proxyType = 1;
			remoteGlobalIDString = 504EC3031FED79650016851F;
			remoteInfo = App;
		};
/* End PBXContainerItemProxy section */

/* Begin PBXCopyFilesBuildPhase section */
		3AA7E3962523664D00387971 /* Embed App Extensions */ = {
			isa = PBXCopyFilesBuildPhase;
			buildActionMask = 2147483647;
			dstPath = "";
			dstSubfolderSpec = 13;
			files = (
				3A1157BA258F2B5E00F4C6FD /* PenguinWidgetExtension.appex in Embed App Extensions */,
			);
			name = "Embed App Extensions";
			runOnlyForDeploymentPostprocessing = 0;
		};
/* End PBXCopyFilesBuildPhase section */

/* Begin PBXFileReference section */
		2FAD9762203C412B000D30F8 /* config.xml */ = {isa = PBXFileReference; lastKnownFileType = text.xml; path = config.xml; sourceTree = "<group>"; };
		3A001AC125991E2C0078A265 /* WhatsNew.swift */ = {isa = PBXFileReference; lastKnownFileType = sourcecode.swift; path = WhatsNew.swift; sourceTree = "<group>"; };
		3A001AC52599230E0078A265 /* Settings.bundle */ = {isa = PBXFileReference; lastKnownFileType = "wrapper.plug-in"; path = Settings.bundle; sourceTree = "<group>"; };
		3A001AD22599A4A50078A265 /* ConsentView.swift */ = {isa = PBXFileReference; lastKnownFileType = sourcecode.swift; path = ConsentView.swift; sourceTree = "<group>"; };
		3A001AD62599A68A0078A265 /* Helpers.swift */ = {isa = PBXFileReference; lastKnownFileType = sourcecode.swift; path = Helpers.swift; sourceTree = "<group>"; };
		3A00D83125266410007308FB /* WidgetKit.framework */ = {isa = PBXFileReference; lastKnownFileType = wrapper.framework; name = WidgetKit.framework; path = System/Library/Frameworks/WidgetKit.framework; sourceTree = SDKROOT; };
		3A00D83325266410007308FB /* SwiftUI.framework */ = {isa = PBXFileReference; lastKnownFileType = wrapper.framework; name = SwiftUI.framework; path = System/Library/Frameworks/SwiftUI.framework; sourceTree = SDKROOT; };
		3A06777D26281BB600C9CB98 /* Main.storyboard */ = {isa = PBXFileReference; fileEncoding = 4; lastKnownFileType = file.storyboard; path = Main.storyboard; sourceTree = "<group>"; };
		3A06777E26281BB600C9CB98 /* LaunchScreen.storyboard */ = {isa = PBXFileReference; fileEncoding = 4; lastKnownFileType = file.storyboard; path = LaunchScreen.storyboard; sourceTree = "<group>"; };
		3A06C10F2597112E00B81F31 /* SiteStats.swift */ = {isa = PBXFileReference; lastKnownFileType = sourcecode.swift; path = SiteStats.swift; sourceTree = "<group>"; };
		3A06C117259720D600B81F31 /* PenguinWidget.swift */ = {isa = PBXFileReference; lastKnownFileType = sourcecode.swift; path = PenguinWidget.swift; sourceTree = "<group>"; };
		3A06C1242597447200B81F31 /* StageView.swift */ = {isa = PBXFileReference; lastKnownFileType = sourcecode.swift; path = StageView.swift; sourceTree = "<group>"; };
		3A06C12C2597454600B81F31 /* WidgetFooter.swift */ = {isa = PBXFileReference; lastKnownFileType = sourcecode.swift; path = WidgetFooter.swift; sourceTree = "<group>"; };
		3A06C132259766C400B81F31 /* WidgetEntry.swift */ = {isa = PBXFileReference; lastKnownFileType = sourcecode.swift; path = WidgetEntry.swift; sourceTree = "<group>"; };
		3A06C13A25976DAF00B81F31 /* MediumWidgetView.swift */ = {isa = PBXFileReference; lastKnownFileType = sourcecode.swift; path = MediumWidgetView.swift; sourceTree = "<group>"; };
		3A0C886225C25E8E008E1F4B /* PushManager.swift */ = {isa = PBXFileReference; lastKnownFileType = sourcecode.swift; path = PushManager.swift; sourceTree = "<group>"; };
		3A1157AC258F2B5C00F4C6FD /* PenguinWidgetExtension.appex */ = {isa = PBXFileReference; explicitFileType = "wrapper.app-extension"; includeInIndex = 0; path = PenguinWidgetExtension.appex; sourceTree = BUILT_PRODUCTS_DIR; };
		3A1157B0258F2B5C00F4C6FD /* SmallWidgetView.swift */ = {isa = PBXFileReference; lastKnownFileType = sourcecode.swift; path = SmallWidgetView.swift; sourceTree = "<group>"; };
		3A1157B3258F2B5E00F4C6FD /* Assets.xcassets */ = {isa = PBXFileReference; lastKnownFileType = folder.assetcatalog; path = Assets.xcassets; sourceTree = "<group>"; };
		3A1157B5258F2B5E00F4C6FD /* Info.plist */ = {isa = PBXFileReference; lastKnownFileType = text.plist.xml; path = Info.plist; sourceTree = "<group>"; };
		3A2AA52826F513B700F3D15A /* ja */ = {isa = PBXFileReference; lastKnownFileType = text.plist.strings; name = ja; path = ja.lproj/InfoPlist.strings; sourceTree = "<group>"; };
		3A2AA52926F513B700F3D15A /* ja */ = {isa = PBXFileReference; lastKnownFileType = text.plist.strings; name = ja; path = ja.lproj/Localizable.strings; sourceTree = "<group>"; };
		3A2AA52A26F513B700F3D15A /* ja */ = {isa = PBXFileReference; lastKnownFileType = text.plist.strings; name = ja; path = ja.lproj/Localizable.strings; sourceTree = "<group>"; };
		3A3F035A25C0B3D000DEED16 /* PersistenceManager.swift */ = {isa = PBXFileReference; lastKnownFileType = sourcecode.swift; path = PersistenceManager.swift; sourceTree = "<group>"; };
		3A4D4430259AC0BA000807F8 /* InitialLaunch.swift */ = {isa = PBXFileReference; lastKnownFileType = sourcecode.swift; path = InitialLaunch.swift; sourceTree = "<group>"; };
		3A4FAF1A2626B189001C9907 /* zh-Hans */ = {isa = PBXFileReference; lastKnownFileType = text.plist.strings; name = "zh-Hans"; path = "zh-Hans.lproj/Localizable.strings"; sourceTree = "<group>"; };
		3A4FAF1E2626B192001C9907 /* en */ = {isa = PBXFileReference; lastKnownFileType = text.plist.strings; name = en; path = en.lproj/Localizable.strings; sourceTree = "<group>"; };
		3A5051AB25965532004167D3 /* zh-Hans */ = {isa = PBXFileReference; lastKnownFileType = text.plist.strings; name = "zh-Hans"; path = "zh-Hans.lproj/Localizable.strings"; sourceTree = "<group>"; };
		3A5051B025965533004167D3 /* en */ = {isa = PBXFileReference; lastKnownFileType = text.plist.strings; name = en; path = en.lproj/Localizable.strings; sourceTree = "<group>"; };
		3A5051B72596575D004167D3 /* Bender.ttf */ = {isa = PBXFileReference; lastKnownFileType = file; name = Bender.ttf; path = ../../../src/assets/fonts/Bender.ttf; sourceTree = "<group>"; };
		3A5051C0259666FB004167D3 /* ItemStatsView.swift */ = {isa = PBXFileReference; lastKnownFileType = sourcecode.swift; path = ItemStatsView.swift; sourceTree = "<group>"; };
		3A5051C8259669AF004167D3 /* ItemIcons.xcassets */ = {isa = PBXFileReference; lastKnownFileType = folder.assetcatalog; path = ItemIcons.xcassets; sourceTree = "<group>"; };
		3A55B6832599056000699BBA /* Constants.swift */ = {isa = PBXFileReference; lastKnownFileType = sourcecode.swift; path = Constants.swift; sourceTree = "<group>"; };
		3A616159259B0ED200FA06A2 /* ToggleNotificationPreference.swift */ = {isa = PBXFileReference; lastKnownFileType = sourcecode.swift; path = ToggleNotificationPreference.swift; sourceTree = "<group>"; };
		3A616161259B2D2D00FA06A2 /* Debugger.swift */ = {isa = PBXFileReference; lastKnownFileType = sourcecode.swift; path = Debugger.swift; sourceTree = "<group>"; };
		3A616167259C698B00FA06A2 /* NotificationPreferences.swift */ = {isa = PBXFileReference; lastKnownFileType = sourcecode.swift; path = NotificationPreferences.swift; sourceTree = "<group>"; };
		3A61616B259C7B8D00FA06A2 /* HapticButton.swift */ = {isa = PBXFileReference; lastKnownFileType = sourcecode.swift; path = HapticButton.swift; sourceTree = "<group>"; };
		3A679B002599166C00A685E9 /* WelcomeView.swift */ = {isa = PBXFileReference; lastKnownFileType = sourcecode.swift; path = WelcomeView.swift; sourceTree = "<group>"; };
		3A885ACD25A443D600247AED /* EventBus.swift */ = {isa = PBXFileReference; lastKnownFileType = sourcecode.swift; path = EventBus.swift; sourceTree = "<group>"; };
		3A8EFF982599BBC100B6A788 /* alert1.caf */ = {isa = PBXFileReference; lastKnownFileType = file; path = alert1.caf; sourceTree = "<group>"; };
		3A9323B82626C5A700E42CA4 /* en */ = {isa = PBXFileReference; lastKnownFileType = file.intentdefinition; name = en; path = en.lproj/Intents.intentdefinition; sourceTree = "<group>"; };
		3A968BAF2597A3D5005266F2 /* TwoColumnStageStats.swift */ = {isa = PBXFileReference; lastKnownFileType = sourcecode.swift; path = TwoColumnStageStats.swift; sourceTree = "<group>"; };
		3A968BB42597A54E005266F2 /* LargeWidgetView.swift */ = {isa = PBXFileReference; lastKnownFileType = sourcecode.swift; path = LargeWidgetView.swift; sourceTree = "<group>"; };
		3A968BB92597A738005266F2 /* ExternalService.swift */ = {isa = PBXFileReference; lastKnownFileType = sourcecode.swift; path = ExternalService.swift; sourceTree = "<group>"; };
		3A968BC82598CC42005266F2 /* Intents.framework */ = {isa = PBXFileReference; lastKnownFileType = wrapper.framework; name = Intents.framework; path = System/Library/Frameworks/Intents.framework; sourceTree = SDKROOT; };
		3AA7E33825211FD500387971 /* en */ = {isa = PBXFileReference; lastKnownFileType = text.plist.strings; name = en; path = en.lproj/InfoPlist.strings; sourceTree = "<group>"; };
		3AA7E33B25211FEC00387971 /* zh-Hans */ = {isa = PBXFileReference; lastKnownFileType = text.plist.strings; name = "zh-Hans"; path = "zh-Hans.lproj/InfoPlist.strings"; sourceTree = "<group>"; };
		3AA7E3412521F6C000387971 /* PenguinPlugin.swift */ = {isa = PBXFileReference; lastKnownFileType = sourcecode.swift; path = PenguinPlugin.swift; sourceTree = "<group>"; };
		3AA7E3442521F70B00387971 /* App-Bridging-Header.h */ = {isa = PBXFileReference; lastKnownFileType = sourcecode.c.h; path = "App-Bridging-Header.h"; sourceTree = "<group>"; };
		3AA7E3452521F70B00387971 /* PenguinPlugin.m */ = {isa = PBXFileReference; lastKnownFileType = sourcecode.c.objc; path = PenguinPlugin.m; sourceTree = "<group>"; };
		3AA7E34B2522510700387971 /* App.entitlements */ = {isa = PBXFileReference; lastKnownFileType = text.plist.entitlements; path = App.entitlements; sourceTree = "<group>"; };
		3AA7E3812523664D00387971 /* IntentsUI.framework */ = {isa = PBXFileReference; lastKnownFileType = wrapper.framework; name = IntentsUI.framework; path = System/Library/Frameworks/IntentsUI.framework; sourceTree = SDKROOT; };
		3AE3F15426D2147A00A0529B /* fastlane */ = {isa = PBXFileReference; fileEncoding = 4; lastKnownFileType = folder; name = fastlane; path = App/fastlane; sourceTree = SOURCE_ROOT; };
		3AE3F15A26D214C400A0529B /* AppUITests.xctest */ = {isa = PBXFileReference; explicitFileType = wrapper.cfbundle; includeInIndex = 0; path = AppUITests.xctest; sourceTree = BUILT_PRODUCTS_DIR; };
		3AE3F15C26D214C400A0529B /* AppUITests.swift */ = {isa = PBXFileReference; lastKnownFileType = sourcecode.swift; path = AppUITests.swift; sourceTree = "<group>"; };
		3AE3F15E26D214C400A0529B /* AppUITestsLaunchTests.swift */ = {isa = PBXFileReference; lastKnownFileType = sourcecode.swift; path = AppUITestsLaunchTests.swift; sourceTree = "<group>"; };
		3AE3F16526D214CC00A0529B /* SnapshotHelper.swift */ = {isa = PBXFileReference; lastKnownFileType = sourcecode.swift; path = SnapshotHelper.swift; sourceTree = "<group>"; };
		50379B222058CBB4000EE86E /* capacitor.config.json */ = {isa = PBXFileReference; fileEncoding = 4; lastKnownFileType = text.json; path = capacitor.config.json; sourceTree = "<group>"; };
		504EC3041FED79650016851F /* App.app */ = {isa = PBXFileReference; explicitFileType = wrapper.application; includeInIndex = 0; path = App.app; sourceTree = BUILT_PRODUCTS_DIR; };
		504EC3071FED79650016851F /* AppDelegate.swift */ = {isa = PBXFileReference; lastKnownFileType = sourcecode.swift; path = AppDelegate.swift; sourceTree = "<group>"; };
		504EC30E1FED79650016851F /* Assets.xcassets */ = {isa = PBXFileReference; lastKnownFileType = folder.assetcatalog; path = Assets.xcassets; sourceTree = "<group>"; };
		504EC3131FED79650016851F /* Info.plist */ = {isa = PBXFileReference; lastKnownFileType = text.plist.xml; path = Info.plist; sourceTree = "<group>"; };
		50B271D01FEDC1A000F3C39B /* public */ = {isa = PBXFileReference; lastKnownFileType = folder; name = public; path = ../public; sourceTree = "<group>"; };
		57EA6F039FEDFD8F45538969 /* Pods-App.release.xcconfig */ = {isa = PBXFileReference; includeInIndex = 1; lastKnownFileType = text.xcconfig; name = "Pods-App.release.xcconfig"; path = "Pods/Target Support Files/Pods-App/Pods-App.release.xcconfig"; sourceTree = "<group>"; };
		7A5CB73611F4A3F49DC948B2 /* Pods-App.debug.xcconfig */ = {isa = PBXFileReference; includeInIndex = 1; lastKnownFileType = text.xcconfig; name = "Pods-App.debug.xcconfig"; path = "Pods/Target Support Files/Pods-App/Pods-App.debug.xcconfig"; sourceTree = "<group>"; };
		AF277DCFFFF123FFC6DF26C7 /* Pods_App.framework */ = {isa = PBXFileReference; explicitFileType = wrapper.framework; includeInIndex = 0; path = Pods_App.framework; sourceTree = BUILT_PRODUCTS_DIR; };
/* End PBXFileReference section */

/* Begin PBXFrameworksBuildPhase section */
		3A1157A9258F2B5C00F4C6FD /* Frameworks */ = {
			isa = PBXFrameworksBuildPhase;
			buildActionMask = 2147483647;
			files = (
				3A20895A25C26EFB001D7490 /* Alamofire in Frameworks */,
				3A41DF5B2647C99100531A1B /* SwiftUI.framework in Frameworks */,
				3A41DF5E2647C99300531A1B /* WidgetKit.framework in Frameworks */,
			);
			runOnlyForDeploymentPostprocessing = 0;
		};
		3AE3F15726D214C400A0529B /* Frameworks */ = {
			isa = PBXFrameworksBuildPhase;
			buildActionMask = 2147483647;
			files = (
			);
			runOnlyForDeploymentPostprocessing = 0;
		};
		504EC3011FED79650016851F /* Frameworks */ = {
			isa = PBXFrameworksBuildPhase;
			buildActionMask = 2147483647;
			files = (
				3A885ACA25A43F0400247AED /* RxBus in Frameworks */,
				A084ECDBA7D38E1E42DFC39D /* Pods_App.framework in Frameworks */,
				3A8EFFA0259A1BB900B6A788 /* Alamofire in Frameworks */,
			);
			runOnlyForDeploymentPostprocessing = 0;
		};
/* End PBXFrameworksBuildPhase section */

/* Begin PBXGroup section */
		27E2DDA53C4D2A4D1A88CE4A /* Frameworks */ = {
			isa = PBXGroup;
			children = (
				AF277DCFFFF123FFC6DF26C7 /* Pods_App.framework */,
				3AA7E3812523664D00387971 /* IntentsUI.framework */,
				3A00D83125266410007308FB /* WidgetKit.framework */,
				3A00D83325266410007308FB /* SwiftUI.framework */,
				3A968BC82598CC42005266F2 /* Intents.framework */,
			);
			name = Frameworks;
			sourceTree = "<group>";
		};
		3A06C1312597661600B81F31 /* Sizes */ = {
			isa = PBXGroup;
			children = (
				3A1157B0258F2B5C00F4C6FD /* SmallWidgetView.swift */,
				3A06C13A25976DAF00B81F31 /* MediumWidgetView.swift */,
				3A968BB42597A54E005266F2 /* LargeWidgetView.swift */,
			);
			path = Sizes;
			sourceTree = "<group>";
		};
		3A1157AF258F2B5C00F4C6FD /* PenguinWidget */ = {
			isa = PBXGroup;
			children = (
				3A06C1312597661600B81F31 /* Sizes */,
				3A5051BF25966617004167D3 /* Views */,
				3A5051B72596575D004167D3 /* Bender.ttf */,
				3A1157B3258F2B5E00F4C6FD /* Assets.xcassets */,
				3A1157B5258F2B5E00F4C6FD /* Info.plist */,
				3A5051AC25965532004167D3 /* Localizable.strings */,
				3A5051C8259669AF004167D3 /* ItemIcons.xcassets */,
				3A06C10F2597112E00B81F31 /* SiteStats.swift */,
				3A06C117259720D600B81F31 /* PenguinWidget.swift */,
				3A06C132259766C400B81F31 /* WidgetEntry.swift */,
				3A968BB92597A738005266F2 /* ExternalService.swift */,
				3A9323B92626C5A700E42CA4 /* Intents.intentdefinition */,
			);
			path = PenguinWidget;
			sourceTree = "<group>";
		};
		3A5051BF25966617004167D3 /* Views */ = {
			isa = PBXGroup;
			children = (
				3A5051C0259666FB004167D3 /* ItemStatsView.swift */,
				3A06C1242597447200B81F31 /* StageView.swift */,
				3A06C12C2597454600B81F31 /* WidgetFooter.swift */,
				3A968BAF2597A3D5005266F2 /* TwoColumnStageStats.swift */,
			);
			path = Views;
			sourceTree = "<group>";
		};
		3A55B68D25990DE600699BBA /* Views */ = {
			isa = PBXGroup;
			children = (
				3A679B002599166C00A685E9 /* WelcomeView.swift */,
				3A001AC125991E2C0078A265 /* WhatsNew.swift */,
				3A001AD22599A4A50078A265 /* ConsentView.swift */,
				3A616159259B0ED200FA06A2 /* ToggleNotificationPreference.swift */,
				3A4D4430259AC0BA000807F8 /* InitialLaunch.swift */,
				3A616161259B2D2D00FA06A2 /* Debugger.swift */,
				3A61616B259C7B8D00FA06A2 /* HapticButton.swift */,
			);
			path = Views;
			sourceTree = "<group>";
		};
		3A8EFFAA259AB64F00B6A788 /* Repositories */ = {
			isa = PBXGroup;
			children = (
				3A616167259C698B00FA06A2 /* NotificationPreferences.swift */,
				3A3F035A25C0B3D000DEED16 /* PersistenceManager.swift */,
				3A0C886225C25E8E008E1F4B /* PushManager.swift */,
			);
			path = Repositories;
			sourceTree = "<group>";
		};
		3A8EFFB1259AB67E00B6A788 /* Capacitor */ = {
			isa = PBXGroup;
			children = (
				50B271D01FEDC1A000F3C39B /* public */,
				50379B222058CBB4000EE86E /* capacitor.config.json */,
				3AA7E3452521F70B00387971 /* PenguinPlugin.m */,
				3AA7E3412521F6C000387971 /* PenguinPlugin.swift */,
				3AA7E3442521F70B00387971 /* App-Bridging-Header.h */,
			);
			name = Capacitor;
			sourceTree = "<group>";
		};
		3A8EFFB2259AB69200B6A788 /* Meta */ = {
			isa = PBXGroup;
			children = (
				3A06777E26281BB600C9CB98 /* LaunchScreen.storyboard */,
				3A06777D26281BB600C9CB98 /* Main.storyboard */,
				3AA7E34B2522510700387971 /* App.entitlements */,
				504EC3071FED79650016851F /* AppDelegate.swift */,
				504EC3131FED79650016851F /* Info.plist */,
				2FAD9762203C412B000D30F8 /* config.xml */,
			);
			name = Meta;
			sourceTree = "<group>";
		};
		3AA7E33225211F9F00387971 /* Resources */ = {
			isa = PBXGroup;
			children = (
				3AA7E33925211FD500387971 /* InfoPlist.strings */,
			);
			path = Resources;
			sourceTree = "<group>";
		};
		3AE3F15B26D214C400A0529B /* AppUITests */ = {
			isa = PBXGroup;
			children = (
				3AE3F16526D214CC00A0529B /* SnapshotHelper.swift */,
				3AE3F15C26D214C400A0529B /* AppUITests.swift */,
				3AE3F15E26D214C400A0529B /* AppUITestsLaunchTests.swift */,
			);
			path = AppUITests;
			sourceTree = "<group>";
		};
		3AF2C843259F544900761B04 /* SoundFX */ = {
			isa = PBXGroup;
			children = (
				3A8EFF982599BBC100B6A788 /* alert1.caf */,
			);
			name = SoundFX;
			sourceTree = "<group>";
		};
		504EC2FB1FED79650016851F = {
			isa = PBXGroup;
			children = (
				3AF2C843259F544900761B04 /* SoundFX */,
				3A001AC52599230E0078A265 /* Settings.bundle */,
				3AA7E33225211F9F00387971 /* Resources */,
				504EC3061FED79650016851F /* App */,
				3A1157AF258F2B5C00F4C6FD /* PenguinWidget */,
				3AE3F15B26D214C400A0529B /* AppUITests */,
				504EC3051FED79650016851F /* Products */,
				7F8756D8B27F46E3366F6CEA /* Pods */,
				27E2DDA53C4D2A4D1A88CE4A /* Frameworks */,
			);
			sourceTree = "<group>";
		};
		504EC3051FED79650016851F /* Products */ = {
			isa = PBXGroup;
			children = (
				504EC3041FED79650016851F /* App.app */,
				3A1157AC258F2B5C00F4C6FD /* PenguinWidgetExtension.appex */,
				3AE3F15A26D214C400A0529B /* AppUITests.xctest */,
			);
			name = Products;
			sourceTree = "<group>";
		};
		504EC3061FED79650016851F /* App */ = {
			isa = PBXGroup;
			children = (
				3AE3F15426D2147A00A0529B /* fastlane */,
				3A8EFFAA259AB64F00B6A788 /* Repositories */,
				3A001AD62599A68A0078A265 /* Helpers.swift */,
				3A55B68D25990DE600699BBA /* Views */,
				504EC30E1FED79650016851F /* Assets.xcassets */,
				3A55B6832599056000699BBA /* Constants.swift */,
				3A8EFFB1259AB67E00B6A788 /* Capacitor */,
				3A8EFFB2259AB69200B6A788 /* Meta */,
				3A885ACD25A443D600247AED /* EventBus.swift */,
				3A4FAF1B2626B189001C9907 /* Localizable.strings */,
			);
			path = App;
			sourceTree = "<group>";
		};
		7F8756D8B27F46E3366F6CEA /* Pods */ = {
			isa = PBXGroup;
			children = (
				7A5CB73611F4A3F49DC948B2 /* Pods-App.debug.xcconfig */,
				57EA6F039FEDFD8F45538969 /* Pods-App.release.xcconfig */,
			);
			name = Pods;
			sourceTree = "<group>";
		};
/* End PBXGroup section */

/* Begin PBXNativeTarget section */
		3A1157AB258F2B5C00F4C6FD /* PenguinWidgetExtension */ = {
			isa = PBXNativeTarget;
			buildConfigurationList = 3A1157BD258F2B5E00F4C6FD /* Build configuration list for PBXNativeTarget "PenguinWidgetExtension" */;
			buildPhases = (
				3A1157A8258F2B5C00F4C6FD /* Sources */,
				3A1157A9258F2B5C00F4C6FD /* Frameworks */,
				3A1157AA258F2B5C00F4C6FD /* Resources */,
			);
			buildRules = (
			);
			dependencies = (
			);
			name = PenguinWidgetExtension;
			packageProductDependencies = (
				3A20895925C26EFB001D7490 /* Alamofire */,
			);
			productName = PenguinWidgetExtension;
			productReference = 3A1157AC258F2B5C00F4C6FD /* PenguinWidgetExtension.appex */;
			productType = "com.apple.product-type.app-extension";
		};
		3AE3F15926D214C400A0529B /* AppUITests */ = {
			isa = PBXNativeTarget;
			buildConfigurationList = 3AE3F16226D214C400A0529B /* Build configuration list for PBXNativeTarget "AppUITests" */;
			buildPhases = (
				3AE3F15626D214C400A0529B /* Sources */,
				3AE3F15726D214C400A0529B /* Frameworks */,
				3AE3F15826D214C400A0529B /* Resources */,
			);
			buildRules = (
			);
			dependencies = (
				3AE3F16126D214C400A0529B /* PBXTargetDependency */,
			);
			name = AppUITests;
			productName = AppUITests;
			productReference = 3AE3F15A26D214C400A0529B /* AppUITests.xctest */;
			productType = "com.apple.product-type.bundle.ui-testing";
		};
		504EC3031FED79650016851F /* App */ = {
			isa = PBXNativeTarget;
			buildConfigurationList = 504EC3161FED79650016851F /* Build configuration list for PBXNativeTarget "App" */;
			buildPhases = (
				6634F4EFEBD30273BCE97C65 /* [CP] Check Pods Manifest.lock */,
				504EC3001FED79650016851F /* Sources */,
				504EC3011FED79650016851F /* Frameworks */,
				504EC3021FED79650016851F /* Resources */,
				3A001AC9259993DF0078A265 /* Run Script */,
				9592DBEFFC6D2A0C8D5DEB22 /* [CP] Embed Pods Frameworks */,
				3AA7E3962523664D00387971 /* Embed App Extensions */,
			);
			buildRules = (
			);
			dependencies = (
				3A1157B9258F2B5E00F4C6FD /* PBXTargetDependency */,
			);
			name = App;
			packageProductDependencies = (
				3A8EFF9F259A1BB900B6A788 /* Alamofire */,
				3A885AC925A43F0400247AED /* RxBus */,
			);
			productName = App;
			productReference = 504EC3041FED79650016851F /* App.app */;
			productType = "com.apple.product-type.application";
		};
/* End PBXNativeTarget section */

/* Begin PBXProject section */
		504EC2FC1FED79650016851F /* Project object */ = {
			isa = PBXProject;
			attributes = {
				LastSwiftUpdateCheck = 1300;
				LastUpgradeCheck = 0920;
				TargetAttributes = {
					3A1157AB258F2B5C00F4C6FD = {
						CreatedOnToolsVersion = 12.3;
						ProvisioningStyle = Automatic;
					};
					3AE3F15926D214C400A0529B = {
						CreatedOnToolsVersion = 13.0;
						TestTargetID = 504EC3031FED79650016851F;
					};
					504EC3031FED79650016851F = {
						CreatedOnToolsVersion = 9.2;
						LastSwiftMigration = 1200;
						ProvisioningStyle = Automatic;
					};
				};
			};
			buildConfigurationList = 504EC2FF1FED79650016851F /* Build configuration list for PBXProject "App" */;
			compatibilityVersion = "Xcode 8.0";
			developmentRegion = en;
			hasScannedForEncodings = 0;
			knownRegions = (
				en,
				"zh-Hans",
				ja,
			);
			mainGroup = 504EC2FB1FED79650016851F;
			packageReferences = (
				3A8EFF9E259A1BB900B6A788 /* XCRemoteSwiftPackageReference "Alamofire" */,
				3A885AC825A43F0400247AED /* XCRemoteSwiftPackageReference "RxBus-Swift" */,
			);
			productRefGroup = 504EC3051FED79650016851F /* Products */;
			projectDirPath = "";
			projectRoot = "";
			targets = (
				504EC3031FED79650016851F /* App */,
				3A1157AB258F2B5C00F4C6FD /* PenguinWidgetExtension */,
				3AE3F15926D214C400A0529B /* AppUITests */,
			);
		};
/* End PBXProject section */

/* Begin PBXResourcesBuildPhase section */
		3A1157AA258F2B5C00F4C6FD /* Resources */ = {
			isa = PBXResourcesBuildPhase;
			buildActionMask = 2147483647;
			files = (
				3A1157B4258F2B5E00F4C6FD /* Assets.xcassets in Resources */,
				3A5051C9259669AF004167D3 /* ItemIcons.xcassets in Resources */,
				3A5051B82596575D004167D3 /* Bender.ttf in Resources */,
				3A5051AA25965532004167D3 /* Localizable.strings in Resources */,
			);
			runOnlyForDeploymentPostprocessing = 0;
		};
		3AE3F15826D214C400A0529B /* Resources */ = {
			isa = PBXResourcesBuildPhase;
			buildActionMask = 2147483647;
			files = (
			);
			runOnlyForDeploymentPostprocessing = 0;
		};
		504EC3021FED79650016851F /* Resources */ = {
			isa = PBXResourcesBuildPhase;
			buildActionMask = 2147483647;
			files = (
				3A8EFF992599BBC100B6A788 /* alert1.caf in Resources */,
				3A06777F26281BB600C9CB98 /* Main.storyboard in Resources */,
				50B271D11FEDC1A000F3C39B /* public in Resources */,
				3A4FAF192626B189001C9907 /* Localizable.strings in Resources */,
				504EC30F1FED79650016851F /* Assets.xcassets in Resources */,
				3AA7E33725211FD500387971 /* InfoPlist.strings in Resources */,
				50379B232058CBB4000EE86E /* capacitor.config.json in Resources */,
				2FAD9763203C412B000D30F8 /* config.xml in Resources */,
				3A06778026281BB600C9CB98 /* LaunchScreen.storyboard in Resources */,
				3A001AC62599230E0078A265 /* Settings.bundle in Resources */,
				3AE3F15526D2147A00A0529B /* fastlane in Resources */,
			);
			runOnlyForDeploymentPostprocessing = 0;
		};
/* End PBXResourcesBuildPhase section */

/* Begin PBXShellScriptBuildPhase section */
		3A001AC9259993DF0078A265 /* Run Script */ = {
			isa = PBXShellScriptBuildPhase;
			alwaysOutOfDate = 1;
			buildActionMask = 8;
			files = (
			);
			inputFileListPaths = (
			);
			inputPaths = (
				"$(PROJECT_DIR)/$(INFOPLIST_FILE)",
			);
			name = "Run Script";
			outputFileListPaths = (
			);
			outputPaths = (
			);
			runOnlyForDeploymentPostprocessing = 1;
			shellPath = /bin/sh;
			shellScript = "#buildNumber=$(/usr/libexec/PlistBuddy -c \"Print CFBundleVersion\" \"${PROJECT_DIR}/${INFOPLIST_FILE}\")\n#buildNumber=$(($buildNumber + 1))\n#/usr/libexec/PlistBuddy -c \"Set :CFBundleVersion $buildNumber\" \"${PROJECT_DIR}/${INFOPLIST_FILE}\"\n\n# Adds the current version to Settings.bundle\nversion=\"$MARKETING_VERSION\"\nbuild=\"$CURRENT_PROJECT_VERSION\"\n/usr/libexec/PlistBuddy -c \"Set PreferenceSpecifiers:0:DefaultValue $version ($build)\" \"$SRCROOT/Settings.bundle/Root.plist\"\n";
		};
		6634F4EFEBD30273BCE97C65 /* [CP] Check Pods Manifest.lock */ = {
			isa = PBXShellScriptBuildPhase;
			buildActionMask = 2147483647;
			files = (
			);
			inputPaths = (
				"${PODS_PODFILE_DIR_PATH}/Podfile.lock",
				"${PODS_ROOT}/Manifest.lock",
			);
			name = "[CP] Check Pods Manifest.lock";
			outputPaths = (
				"$(DERIVED_FILE_DIR)/Pods-App-checkManifestLockResult.txt",
			);
			runOnlyForDeploymentPostprocessing = 0;
			shellPath = /bin/sh;
			shellScript = "diff \"${PODS_PODFILE_DIR_PATH}/Podfile.lock\" \"${PODS_ROOT}/Manifest.lock\" > /dev/null\nif [ $? != 0 ] ; then\n    # print error to STDERR\n    echo \"error: The sandbox is not in sync with the Podfile.lock. Run 'pod install' or update your CocoaPods installation.\" >&2\n    exit 1\nfi\n# This output is used by Xcode 'outputs' to avoid re-running this script phase.\necho \"SUCCESS\" > \"${SCRIPT_OUTPUT_FILE_0}\"\n";
			showEnvVarsInLog = 0;
		};
		9592DBEFFC6D2A0C8D5DEB22 /* [CP] Embed Pods Frameworks */ = {
			isa = PBXShellScriptBuildPhase;
			buildActionMask = 2147483647;
			files = (
			);
			inputPaths = (
			);
			name = "[CP] Embed Pods Frameworks";
			outputPaths = (
			);
			runOnlyForDeploymentPostprocessing = 0;
			shellPath = /bin/sh;
			shellScript = "\"${PODS_ROOT}/Target Support Files/Pods-App/Pods-App-frameworks.sh\"\n";
			showEnvVarsInLog = 0;
		};
/* End PBXShellScriptBuildPhase section */

/* Begin PBXSourcesBuildPhase section */
		3A1157A8258F2B5C00F4C6FD /* Sources */ = {
			isa = PBXSourcesBuildPhase;
			buildActionMask = 2147483647;
			files = (
				3A06C13B25976DAF00B81F31 /* MediumWidgetView.swift in Sources */,
				3A20895D25C2ACC5001D7490 /* Helpers.swift in Sources */,
				3A968BB52597A54E005266F2 /* LargeWidgetView.swift in Sources */,
				3A06C118259720D600B81F31 /* PenguinWidget.swift in Sources */,
				3A5051C1259666FB004167D3 /* ItemStatsView.swift in Sources */,
				3A968BBA2597A738005266F2 /* ExternalService.swift in Sources */,
				3A968BB02597A3D5005266F2 /* TwoColumnStageStats.swift in Sources */,
				3A06C133259766C400B81F31 /* WidgetEntry.swift in Sources */,
				3A1157B1258F2B5C00F4C6FD /* SmallWidgetView.swift in Sources */,
				3A06C12D2597454600B81F31 /* WidgetFooter.swift in Sources */,
				3A06C1252597447200B81F31 /* StageView.swift in Sources */,
				3A9323B72626C5A700E42CA4 /* Intents.intentdefinition in Sources */,
				3A06C1102597112E00B81F31 /* SiteStats.swift in Sources */,
			);
			runOnlyForDeploymentPostprocessing = 0;
		};
		3AE3F15626D214C400A0529B /* Sources */ = {
			isa = PBXSourcesBuildPhase;
			buildActionMask = 2147483647;
			files = (
				3AE3F15F26D214C400A0529B /* AppUITestsLaunchTests.swift in Sources */,
				3AE3F15D26D214C400A0529B /* AppUITests.swift in Sources */,
				3AE3F16626D214CC00A0529B /* SnapshotHelper.swift in Sources */,
			);
			runOnlyForDeploymentPostprocessing = 0;
		};
		504EC3001FED79650016851F /* Sources */ = {
			isa = PBXSourcesBuildPhase;
			buildActionMask = 2147483647;
			files = (
				3A616168259C698B00FA06A2 /* NotificationPreferences.swift in Sources */,
				3A885ACE25A443D600247AED /* EventBus.swift in Sources */,
				3A55B6842599056000699BBA /* Constants.swift in Sources */,
				3A3F035B25C0B3D000DEED16 /* PersistenceManager.swift in Sources */,
				3A001AD32599A4A60078A265 /* ConsentView.swift in Sources */,
				3A001AC225991E2C0078A265 /* WhatsNew.swift in Sources */,
				3A679B012599166C00A685E9 /* WelcomeView.swift in Sources */,
				3A9323B62626C5A700E42CA4 /* Intents.intentdefinition in Sources */,
				3A61615A259B0ED200FA06A2 /* ToggleNotificationPreference.swift in Sources */,
				3A61616C259C7B8D00FA06A2 /* HapticButton.swift in Sources */,
				3A001AD72599A68A0078A265 /* Helpers.swift in Sources */,
				3AA7E3462521F70B00387971 /* PenguinPlugin.m in Sources */,
				3A0C886325C25E8E008E1F4B /* PushManager.swift in Sources */,
				3A4D4431259AC0BA000807F8 /* InitialLaunch.swift in Sources */,
				504EC3081FED79650016851F /* AppDelegate.swift in Sources */,
				3AA7E3422521F6C000387971 /* PenguinPlugin.swift in Sources */,
				3A616162259B2D2D00FA06A2 /* Debugger.swift in Sources */,
			);
			runOnlyForDeploymentPostprocessing = 0;
		};
/* End PBXSourcesBuildPhase section */

/* Begin PBXTargetDependency section */
		3A1157B9258F2B5E00F4C6FD /* PBXTargetDependency */ = {
			isa = PBXTargetDependency;
			target = 3A1157AB258F2B5C00F4C6FD /* PenguinWidgetExtension */;
			targetProxy = 3A1157B8258F2B5E00F4C6FD /* PBXContainerItemProxy */;
		};
		3AE3F16126D214C400A0529B /* PBXTargetDependency */ = {
			isa = PBXTargetDependency;
			target = 504EC3031FED79650016851F /* App */;
			targetProxy = 3AE3F16026D214C400A0529B /* PBXContainerItemProxy */;
		};
/* End PBXTargetDependency section */

/* Begin PBXVariantGroup section */
		3A4FAF1B2626B189001C9907 /* Localizable.strings */ = {
			isa = PBXVariantGroup;
			children = (
				3A4FAF1A2626B189001C9907 /* zh-Hans */,
				3A4FAF1E2626B192001C9907 /* en */,
				3A2AA52926F513B700F3D15A /* ja */,
			);
			name = Localizable.strings;
			sourceTree = "<group>";
		};
		3A5051AC25965532004167D3 /* Localizable.strings */ = {
			isa = PBXVariantGroup;
			children = (
				3A5051AB25965532004167D3 /* zh-Hans */,
				3A5051B025965533004167D3 /* en */,
				3A2AA52A26F513B700F3D15A /* ja */,
			);
			name = Localizable.strings;
			sourceTree = "<group>";
		};
		3A9323B92626C5A700E42CA4 /* Intents.intentdefinition */ = {
			isa = PBXVariantGroup;
			children = (
				3A9323B82626C5A700E42CA4 /* en */,
			);
			name = Intents.intentdefinition;
			sourceTree = "<group>";
		};
		3AA7E33925211FD500387971 /* InfoPlist.strings */ = {
			isa = PBXVariantGroup;
			children = (
				3AA7E33825211FD500387971 /* en */,
				3AA7E33B25211FEC00387971 /* zh-Hans */,
				3A2AA52826F513B700F3D15A /* ja */,
			);
			name = InfoPlist.strings;
			sourceTree = "<group>";
		};
/* End PBXVariantGroup section */

/* Begin XCBuildConfiguration section */
		3A1157BB258F2B5E00F4C6FD /* Debug */ = {
			isa = XCBuildConfiguration;
			buildSettings = {
				ASSETCATALOG_COMPILER_GLOBAL_ACCENT_COLOR_NAME = AccentColor;
				ASSETCATALOG_COMPILER_WIDGET_BACKGROUND_COLOR_NAME = WidgetBackground;
				CLANG_ENABLE_OBJC_WEAK = YES;
				CLANG_WARN_DEPRECATED_OBJC_IMPLEMENTATIONS = YES;
				CLANG_WARN_OBJC_IMPLICIT_RETAIN_SELF = YES;
				CLANG_WARN_QUOTED_INCLUDE_IN_FRAMEWORK_HEADER = YES;
				CODE_SIGN_ENTITLEMENTS = PenguinWidgetExtension.entitlements;
				CODE_SIGN_STYLE = Automatic;
				CURRENT_PROJECT_VERSION = 0;
				DEVELOPMENT_TEAM = SY8Y8N4TPM;
				INFOPLIST_FILE = PenguinWidget/Info.plist;
				IPHONEOS_DEPLOYMENT_TARGET = 14.0;
				LD_RUNPATH_SEARCH_PATHS = (
					"$(inherited)",
					"@executable_path/Frameworks",
					"@executable_path/../../Frameworks",
				);
				MARKETING_VERSION = 3.6.2;
				MTL_ENABLE_DEBUG_INFO = INCLUDE_SOURCE;
				MTL_FAST_MATH = YES;
				PRODUCT_BUNDLE_IDENTIFIER = io.penguinstats.app.PenguinWidget;
				PRODUCT_NAME = "$(TARGET_NAME)";
				SKIP_INSTALL = YES;
				SUPPORTS_MACCATALYST = NO;
				SWIFT_VERSION = 5.0;
				TARGETED_DEVICE_FAMILY = "1,2";
			};
			name = Debug;
		};
		3A1157BC258F2B5E00F4C6FD /* Release */ = {
			isa = XCBuildConfiguration;
			buildSettings = {
				ASSETCATALOG_COMPILER_GLOBAL_ACCENT_COLOR_NAME = AccentColor;
				ASSETCATALOG_COMPILER_WIDGET_BACKGROUND_COLOR_NAME = WidgetBackground;
				CLANG_ENABLE_OBJC_WEAK = YES;
				CLANG_WARN_DEPRECATED_OBJC_IMPLEMENTATIONS = YES;
				CLANG_WARN_OBJC_IMPLICIT_RETAIN_SELF = YES;
				CLANG_WARN_QUOTED_INCLUDE_IN_FRAMEWORK_HEADER = YES;
				CODE_SIGN_ENTITLEMENTS = PenguinWidgetExtension.entitlements;
				CODE_SIGN_STYLE = Automatic;
				CURRENT_PROJECT_VERSION = 0;
				DEVELOPMENT_TEAM = SY8Y8N4TPM;
				INFOPLIST_FILE = PenguinWidget/Info.plist;
				IPHONEOS_DEPLOYMENT_TARGET = 14.0;
				LD_RUNPATH_SEARCH_PATHS = (
					"$(inherited)",
					"@executable_path/Frameworks",
					"@executable_path/../../Frameworks",
				);
				MARKETING_VERSION = 3.6.2;
				MTL_FAST_MATH = YES;
				PRODUCT_BUNDLE_IDENTIFIER = io.penguinstats.app.PenguinWidget;
				PRODUCT_NAME = "$(TARGET_NAME)";
				SKIP_INSTALL = YES;
				SUPPORTS_MACCATALYST = NO;
				SWIFT_VERSION = 5.0;
				TARGETED_DEVICE_FAMILY = "1,2";
			};
			name = Release;
		};
		3AE3F16326D214C400A0529B /* Debug */ = {
			isa = XCBuildConfiguration;
			buildSettings = {
				CLANG_CXX_LANGUAGE_STANDARD = "gnu++17";
				CLANG_ENABLE_OBJC_WEAK = YES;
				CLANG_WARN_DEPRECATED_OBJC_IMPLEMENTATIONS = YES;
				CLANG_WARN_OBJC_IMPLICIT_RETAIN_SELF = YES;
				CLANG_WARN_QUOTED_INCLUDE_IN_FRAMEWORK_HEADER = YES;
				CODE_SIGN_STYLE = Automatic;
				CURRENT_PROJECT_VERSION = 1;
				DEVELOPMENT_TEAM = SY8Y8N4TPM;
				GENERATE_INFOPLIST_FILE = YES;
				IPHONEOS_DEPLOYMENT_TARGET = 15.0;
				LD_RUNPATH_SEARCH_PATHS = (
					"$(inherited)",
					"@executable_path/Frameworks",
					"@loader_path/Frameworks",
				);
				MARKETING_VERSION = 1.0;
				MTL_ENABLE_DEBUG_INFO = INCLUDE_SOURCE;
				MTL_FAST_MATH = YES;
				PRODUCT_BUNDLE_IDENTIFIER = io.penguinstats.app.AppUITests;
				PRODUCT_NAME = "$(TARGET_NAME)";
				SWIFT_EMIT_LOC_STRINGS = NO;
				SWIFT_VERSION = 5.0;
				TARGETED_DEVICE_FAMILY = "1,2";
				TEST_TARGET_NAME = App;
			};
			name = Debug;
		};
		3AE3F16426D214C400A0529B /* Release */ = {
			isa = XCBuildConfiguration;
			buildSettings = {
				CLANG_CXX_LANGUAGE_STANDARD = "gnu++17";
				CLANG_ENABLE_OBJC_WEAK = YES;
				CLANG_WARN_DEPRECATED_OBJC_IMPLEMENTATIONS = YES;
				CLANG_WARN_OBJC_IMPLICIT_RETAIN_SELF = YES;
				CLANG_WARN_QUOTED_INCLUDE_IN_FRAMEWORK_HEADER = YES;
				CODE_SIGN_STYLE = Automatic;
				CURRENT_PROJECT_VERSION = 1;
				DEVELOPMENT_TEAM = SY8Y8N4TPM;
				GENERATE_INFOPLIST_FILE = YES;
				IPHONEOS_DEPLOYMENT_TARGET = 15.0;
				LD_RUNPATH_SEARCH_PATHS = (
					"$(inherited)",
					"@executable_path/Frameworks",
					"@loader_path/Frameworks",
				);
				MARKETING_VERSION = 1.0;
				MTL_FAST_MATH = YES;
				PRODUCT_BUNDLE_IDENTIFIER = io.penguinstats.app.AppUITests;
				PRODUCT_NAME = "$(TARGET_NAME)";
				SWIFT_EMIT_LOC_STRINGS = NO;
				SWIFT_VERSION = 5.0;
				TARGETED_DEVICE_FAMILY = "1,2";
				TEST_TARGET_NAME = App;
			};
			name = Release;
		};
		504EC3141FED79650016851F /* Debug */ = {
			isa = XCBuildConfiguration;
			buildSettings = {
				ALWAYS_SEARCH_USER_PATHS = NO;
				CLANG_ANALYZER_LOCALIZABILITY_NONLOCALIZED = YES;
				CLANG_ANALYZER_NONNULL = YES;
				CLANG_ANALYZER_NUMBER_OBJECT_CONVERSION = YES_AGGRESSIVE;
				CLANG_CXX_LANGUAGE_STANDARD = "gnu++14";
				CLANG_CXX_LIBRARY = "libc++";
				CLANG_ENABLE_MODULES = YES;
				CLANG_ENABLE_OBJC_ARC = YES;
				CLANG_WARN_BLOCK_CAPTURE_AUTORELEASING = YES;
				CLANG_WARN_BOOL_CONVERSION = YES;
				CLANG_WARN_COMMA = YES;
				CLANG_WARN_CONSTANT_CONVERSION = YES;
				CLANG_WARN_DIRECT_OBJC_ISA_USAGE = YES_ERROR;
				CLANG_WARN_DOCUMENTATION_COMMENTS = YES;
				CLANG_WARN_EMPTY_BODY = YES;
				CLANG_WARN_ENUM_CONVERSION = YES;
				CLANG_WARN_INFINITE_RECURSION = YES;
				CLANG_WARN_INT_CONVERSION = YES;
				CLANG_WARN_NON_LITERAL_NULL_CONVERSION = YES;
				CLANG_WARN_OBJC_LITERAL_CONVERSION = YES;
				CLANG_WARN_OBJC_ROOT_CLASS = YES_ERROR;
				CLANG_WARN_RANGE_LOOP_ANALYSIS = YES;
				CLANG_WARN_STRICT_PROTOTYPES = YES;
				CLANG_WARN_SUSPICIOUS_MOVE = YES;
				CLANG_WARN_UNGUARDED_AVAILABILITY = YES_AGGRESSIVE;
				CLANG_WARN_UNREACHABLE_CODE = YES;
				CLANG_WARN__DUPLICATE_METHOD_MATCH = YES;
				CODE_SIGN_IDENTITY = "iPhone Developer";
				COPY_PHASE_STRIP = NO;
				DEBUG_INFORMATION_FORMAT = dwarf;
				ENABLE_STRICT_OBJC_MSGSEND = YES;
				ENABLE_TESTABILITY = YES;
				GCC_C_LANGUAGE_STANDARD = gnu11;
				GCC_DYNAMIC_NO_PIC = NO;
				GCC_NO_COMMON_BLOCKS = YES;
				GCC_OPTIMIZATION_LEVEL = 0;
				GCC_PREPROCESSOR_DEFINITIONS = (
					"DEBUG=1",
					"$(inherited)",
				);
				GCC_WARN_64_TO_32_BIT_CONVERSION = YES;
				GCC_WARN_ABOUT_RETURN_TYPE = YES_ERROR;
				GCC_WARN_UNDECLARED_SELECTOR = YES;
				GCC_WARN_UNINITIALIZED_AUTOS = YES_AGGRESSIVE;
				GCC_WARN_UNUSED_FUNCTION = YES;
				GCC_WARN_UNUSED_VARIABLE = YES;
				IPHONEOS_DEPLOYMENT_TARGET = 11.0;
				MTL_ENABLE_DEBUG_INFO = YES;
				ONLY_ACTIVE_ARCH = YES;
				SDKROOT = iphoneos;
				SWIFT_ACTIVE_COMPILATION_CONDITIONS = DEBUG;
				SWIFT_OPTIMIZATION_LEVEL = "-Onone";
			};
			name = Debug;
		};
		504EC3151FED79650016851F /* Release */ = {
			isa = XCBuildConfiguration;
			buildSettings = {
				ALWAYS_SEARCH_USER_PATHS = NO;
				CLANG_ANALYZER_LOCALIZABILITY_NONLOCALIZED = YES;
				CLANG_ANALYZER_NONNULL = YES;
				CLANG_ANALYZER_NUMBER_OBJECT_CONVERSION = YES_AGGRESSIVE;
				CLANG_CXX_LANGUAGE_STANDARD = "gnu++14";
				CLANG_CXX_LIBRARY = "libc++";
				CLANG_ENABLE_MODULES = YES;
				CLANG_ENABLE_OBJC_ARC = YES;
				CLANG_WARN_BLOCK_CAPTURE_AUTORELEASING = YES;
				CLANG_WARN_BOOL_CONVERSION = YES;
				CLANG_WARN_COMMA = YES;
				CLANG_WARN_CONSTANT_CONVERSION = YES;
				CLANG_WARN_DIRECT_OBJC_ISA_USAGE = YES_ERROR;
				CLANG_WARN_DOCUMENTATION_COMMENTS = YES;
				CLANG_WARN_EMPTY_BODY = YES;
				CLANG_WARN_ENUM_CONVERSION = YES;
				CLANG_WARN_INFINITE_RECURSION = YES;
				CLANG_WARN_INT_CONVERSION = YES;
				CLANG_WARN_NON_LITERAL_NULL_CONVERSION = YES;
				CLANG_WARN_OBJC_LITERAL_CONVERSION = YES;
				CLANG_WARN_OBJC_ROOT_CLASS = YES_ERROR;
				CLANG_WARN_RANGE_LOOP_ANALYSIS = YES;
				CLANG_WARN_STRICT_PROTOTYPES = YES;
				CLANG_WARN_SUSPICIOUS_MOVE = YES;
				CLANG_WARN_UNGUARDED_AVAILABILITY = YES_AGGRESSIVE;
				CLANG_WARN_UNREACHABLE_CODE = YES;
				CLANG_WARN__DUPLICATE_METHOD_MATCH = YES;
				CODE_SIGN_IDENTITY = "iPhone Developer";
				COPY_PHASE_STRIP = NO;
				DEBUG_INFORMATION_FORMAT = "dwarf-with-dsym";
				ENABLE_NS_ASSERTIONS = NO;
				ENABLE_STRICT_OBJC_MSGSEND = YES;
				GCC_C_LANGUAGE_STANDARD = gnu11;
				GCC_NO_COMMON_BLOCKS = YES;
				GCC_WARN_64_TO_32_BIT_CONVERSION = YES;
				GCC_WARN_ABOUT_RETURN_TYPE = YES_ERROR;
				GCC_WARN_UNDECLARED_SELECTOR = YES;
				GCC_WARN_UNINITIALIZED_AUTOS = YES_AGGRESSIVE;
				GCC_WARN_UNUSED_FUNCTION = YES;
				GCC_WARN_UNUSED_VARIABLE = YES;
				IPHONEOS_DEPLOYMENT_TARGET = 11.0;
				MTL_ENABLE_DEBUG_INFO = NO;
				SDKROOT = iphoneos;
				SWIFT_COMPILATION_MODE = wholemodule;
				SWIFT_OPTIMIZATION_LEVEL = "-O";
				VALIDATE_PRODUCT = YES;
			};
			name = Release;
		};
		504EC3171FED79650016851F /* Debug */ = {
			isa = XCBuildConfiguration;
			baseConfigurationReference = 7A5CB73611F4A3F49DC948B2 /* Pods-App.debug.xcconfig */;
			buildSettings = {
				ALWAYS_EMBED_SWIFT_STANDARD_LIBRARIES = YES;
				ASSETCATALOG_COMPILER_APPICON_NAME = AppIcon;
				CLANG_ENABLE_MODULES = YES;
				CODE_SIGN_ENTITLEMENTS = App/App.entitlements;
				CODE_SIGN_STYLE = Automatic;
				CURRENT_PROJECT_VERSION = 0;
				DEVELOPMENT_TEAM = SY8Y8N4TPM;
				"ENABLE_HARDENED_RUNTIME[sdk=macosx*]" = YES;
				INFOPLIST_FILE = App/Info.plist;
				IPHONEOS_DEPLOYMENT_TARGET = 11.0;
				LD_RUNPATH_SEARCH_PATHS = (
					"$(inherited)",
					"@executable_path/Frameworks",
				);
				MARKETING_VERSION = 3.6.5;
				OTHER_SWIFT_FLAGS = "$(inherited) \"-D\" \"COCOAPODS\" \"-DDEBUG\"";
				PRODUCT_BUNDLE_IDENTIFIER = io.penguinstats.app;
				PRODUCT_NAME = "$(TARGET_NAME)";
				SUPPORTS_MACCATALYST = NO;
				SUPPORTS_MAC_DESIGNED_FOR_IPHONE_IPAD = NO;
				SWIFT_ACTIVE_COMPILATION_CONDITIONS = DEBUG;
				SWIFT_OBJC_BRIDGING_HEADER = "App/App-Bridging-Header.h";
				SWIFT_OPTIMIZATION_LEVEL = "-Onone";
				SWIFT_VERSION = 5.0;
				TARGETED_DEVICE_FAMILY = "1,2";
			};
			name = Debug;
		};
		504EC3181FED79650016851F /* Release */ = {
			isa = XCBuildConfiguration;
			baseConfigurationReference = 57EA6F039FEDFD8F45538969 /* Pods-App.release.xcconfig */;
			buildSettings = {
				ALWAYS_EMBED_SWIFT_STANDARD_LIBRARIES = YES;
				ASSETCATALOG_COMPILER_APPICON_NAME = AppIcon;
				CLANG_ENABLE_MODULES = YES;
				CODE_SIGN_ENTITLEMENTS = App/App.entitlements;
				CODE_SIGN_STYLE = Automatic;
				CURRENT_PROJECT_VERSION = 0;
				DEVELOPMENT_TEAM = SY8Y8N4TPM;
				"ENABLE_HARDENED_RUNTIME[sdk=macosx*]" = YES;
				INFOPLIST_FILE = App/Info.plist;
				IPHONEOS_DEPLOYMENT_TARGET = 11.0;
				LD_RUNPATH_SEARCH_PATHS = (
					"$(inherited)",
					"@executable_path/Frameworks",
				);
				MARKETING_VERSION = 3.6.5;
				PRODUCT_BUNDLE_IDENTIFIER = io.penguinstats.app;
				PRODUCT_NAME = "$(TARGET_NAME)";
				SUPPORTS_MACCATALYST = NO;
				SUPPORTS_MAC_DESIGNED_FOR_IPHONE_IPAD = NO;
				SWIFT_ACTIVE_COMPILATION_CONDITIONS = "";
				SWIFT_OBJC_BRIDGING_HEADER = "App/App-Bridging-Header.h";
				SWIFT_VERSION = 5.0;
				TARGETED_DEVICE_FAMILY = "1,2";
			};
			name = Release;
		};
/* End XCBuildConfiguration section */

/* Begin XCConfigurationList section */
		3A1157BD258F2B5E00F4C6FD /* Build configuration list for PBXNativeTarget "PenguinWidgetExtension" */ = {
			isa = XCConfigurationList;
			buildConfigurations = (
				3A1157BB258F2B5E00F4C6FD /* Debug */,
				3A1157BC258F2B5E00F4C6FD /* Release */,
			);
			defaultConfigurationIsVisible = 0;
			defaultConfigurationName = Release;
		};
		3AE3F16226D214C400A0529B /* Build configuration list for PBXNativeTarget "AppUITests" */ = {
			isa = XCConfigurationList;
			buildConfigurations = (
				3AE3F16326D214C400A0529B /* Debug */,
				3AE3F16426D214C400A0529B /* Release */,
			);
			defaultConfigurationIsVisible = 0;
			defaultConfigurationName = Release;
		};
		504EC2FF1FED79650016851F /* Build configuration list for PBXProject "App" */ = {
			isa = XCConfigurationList;
			buildConfigurations = (
				504EC3141FED79650016851F /* Debug */,
				504EC3151FED79650016851F /* Release */,
			);
			defaultConfigurationIsVisible = 0;
			defaultConfigurationName = Release;
		};
		504EC3161FED79650016851F /* Build configuration list for PBXNativeTarget "App" */ = {
			isa = XCConfigurationList;
			buildConfigurations = (
				504EC3171FED79650016851F /* Debug */,
				504EC3181FED79650016851F /* Release */,
			);
			defaultConfigurationIsVisible = 0;
			defaultConfigurationName = Release;
		};
/* End XCConfigurationList section */

/* Begin XCRemoteSwiftPackageReference section */
		3A885AC825A43F0400247AED /* XCRemoteSwiftPackageReference "RxBus-Swift" */ = {
			isa = XCRemoteSwiftPackageReference;
			repositoryURL = "https://github.com/ridi/RxBus-Swift";
			requirement = {
				kind = upToNextMajorVersion;
				minimumVersion = 1.3.1;
			};
		};
		3A8EFF9E259A1BB900B6A788 /* XCRemoteSwiftPackageReference "Alamofire" */ = {
			isa = XCRemoteSwiftPackageReference;
			repositoryURL = "https://github.com/Alamofire/Alamofire";
			requirement = {
				kind = upToNextMajorVersion;
				minimumVersion = 5.4.1;
			};
		};
/* End XCRemoteSwiftPackageReference section */

/* Begin XCSwiftPackageProductDependency section */
		3A20895925C26EFB001D7490 /* Alamofire */ = {
			isa = XCSwiftPackageProductDependency;
			package = 3A8EFF9E259A1BB900B6A788 /* XCRemoteSwiftPackageReference "Alamofire" */;
			productName = Alamofire;
		};
		3A885AC925A43F0400247AED /* RxBus */ = {
			isa = XCSwiftPackageProductDependency;
			package = 3A885AC825A43F0400247AED /* XCRemoteSwiftPackageReference "RxBus-Swift" */;
			productName = RxBus;
		};
		3A8EFF9F259A1BB900B6A788 /* Alamofire */ = {
			isa = XCSwiftPackageProductDependency;
			package = 3A8EFF9E259A1BB900B6A788 /* XCRemoteSwiftPackageReference "Alamofire" */;
			productName = Alamofire;
		};
/* End XCSwiftPackageProductDependency section */
	};
	rootObject = 504EC2FC1FED79650016851F /* Project object */;
}
